
Microsoft Visual Studio Solution File, Format Version 12.00
# Visual Studio 15
VisualStudioVersion = 15.0.26430.16
MinimumVisualStudioVersion = 10.0.40219.1
Project("{FAE04EC0-301F-11D3-BF4B-00C04F79EFBC}") = "SiloHost1", "SiloHost1\SiloHost1.csproj", "{A8B1632F-8D41-4A01-8FDF-FC2D558F6DAF}"
EndProject
Project("{FAE04EC0-301F-11D3-BF4B-00C04F79EFBC}") = "GrainInterfaces1", "GrainInterfaces1\GrainInterfaces1.csproj", "{55425284-BA2C-4231-939F-4F3ED476FEE8}"
EndProject
Project("{FAE04EC0-301F-11D3-BF4B-00C04F79EFBC}") = "Grains1", "Grains1\Grains1.csproj", "{C9F18FF1-8910-4BD3-AD96-387C2B569A62}"
EndProject
Project("{FAE04EC0-301F-11D3-BF4B-00C04F79EFBC}") = "testClient", "testClient\testClient.csproj", "{098FF54E-0D2D-4B45-96B4-75C3DF07AFBD}"
EndProject
Project("{FAE04EC0-301F-11D3-BF4B-00C04F79EFBC}") = "AppGateway", "AppGateway\AppGateway.csproj", "{EA36A71F-188E-4CA7-8266-2AA971AB99B0}"
EndProject
Global
	GlobalSection(SolutionConfigurationPlatforms) = preSolution
		Debug|Any CPU = Debug|Any CPU
		Release|Any CPU = Release|Any CPU
	EndGlobalSection
	GlobalSection(ProjectConfigurationPlatforms) = postSolution
		{A8B1632F-8D41-4A01-8FDF-FC2D558F6DAF}.Debug|Any CPU.ActiveCfg = Debug|Any CPU
		{A8B1632F-8D41-4A01-8FDF-FC2D558F6DAF}.Debug|Any CPU.Build.0 = Debug|Any CPU
		{A8B1632F-8D41-4A01-8FDF-FC2D558F6DAF}.Release|Any CPU.ActiveCfg = Release|Any CPU
		{A8B1632F-8D41-4A01-8FDF-FC2D558F6DAF}.Release|Any CPU.Build.0 = Release|Any CPU
		{55425284-BA2C-4231-939F-4F3ED476FEE8}.Debug|Any CPU.ActiveCfg = Debug|Any CPU
		{55425284-BA2C-4231-939F-4F3ED476FEE8}.Debug|Any CPU.Build.0 = Debug|Any CPU
		{55425284-BA2C-4231-939F-4F3ED476FEE8}.Release|Any CPU.ActiveCfg = Release|Any CPU
		{55425284-BA2C-4231-939F-4F3ED476FEE8}.Release|Any CPU.Build.0 = Release|Any CPU
		{C9F18FF1-8910-4BD3-AD96-387C2B569A62}.Debug|Any CPU.ActiveCfg = Debug|Any CPU
		{C9F18FF1-8910-4BD3-AD96-387C2B569A62}.Debug|Any CPU.Build.0 = Debug|Any CPU
		{C9F18FF1-8910-4BD3-AD96-387C2B569A62}.Release|Any CPU.ActiveCfg = Release|Any CPU
		{C9F18FF1-8910-4BD3-AD96-387C2B569A62}.Release|Any CPU.Build.0 = Release|Any CPU
		{098FF54E-0D2D-4B45-96B4-75C3DF07AFBD}.Debug|Any CPU.ActiveCfg = Debug|Any CPU
		{098FF54E-0D2D-4B45-96B4-75C3DF07AFBD}.Debug|Any CPU.Build.0 = Debug|Any CPU
		{098FF54E-0D2D-4B45-96B4-75C3DF07AFBD}.Release|Any CPU.ActiveCfg = Release|Any CPU
		{098FF54E-0D2D-4B45-96B4-75C3DF07AFBD}.Release|Any CPU.Build.0 = Release|Any CPU
		{EA36A71F-188E-4CA7-8266-2AA971AB99B0}.Debug|Any CPU.ActiveCfg = Debug|Any CPU
		{EA36A71F-188E-4CA7-8266-2AA971AB99B0}.Debug|Any CPU.Build.0 = Debug|Any CPU
		{EA36A71F-188E-4CA7-8266-2AA971AB99B0}.Release|Any CPU.ActiveCfg = Release|Any CPU
		{EA36A71F-188E-4CA7-8266-2AA971AB99B0}.Release|Any CPU.Build.0 = Release|Any CPU
	EndGlobalSection
	GlobalSection(SolutionProperties) = preSolution
		HideSolutionNode = FALSE
	EndGlobalSection
EndGlobal
